
Microsoft Visual Studio Solution File, Format Version 12.00
# Visual Studio Version 17
VisualStudioVersion = 17.5.33627.172
MinimumVisualStudioVersion = 10.0.40219.1
Project("{FAE04EC0-301F-11D3-BF4B-00C04F79EFBC}") = "SerializationTask", "SerializationTask\SerializationTask.csproj", "{EA1CB37F-A9B2-433A-8A98-1C7160E2A2E3}"
EndProject
Project("{2150E333-8FDC-42A3-9474-1A3956D46DE8}") = "Элементы решения", "Элементы решения", "{68E09EFA-4845-4075-ACED-E782F646ABF0}"
	ProjectSection(SolutionItems) = preProject
		.gitignore = .gitignore
	EndProjectSection
EndProject
Global
	GlobalSection(SolutionConfigurationPlatforms) = preSolution
		Debug|Any CPU = Debug|Any CPU
		Release|Any CPU = Release|Any CPU
	EndGlobalSection
	GlobalSection(ProjectConfigurationPlatforms) = postSolution
		{EA1CB37F-A9B2-433A-8A98-1C7160E2A2E3}.Debug|Any CPU.ActiveCfg = Debug|Any CPU
		{EA1CB37F-A9B2-433A-8A98-1C7160E2A2E3}.Debug|Any CPU.Build.0 = Debug|Any CPU
		{EA1CB37F-A9B2-433A-8A98-1C7160E2A2E3}.Release|Any CPU.ActiveCfg = Release|Any CPU
		{EA1CB37F-A9B2-433A-8A98-1C7160E2A2E3}.Release|Any CPU.Build.0 = Release|Any CPU
	EndGlobalSection
	GlobalSection(SolutionProperties) = preSolution
		HideSolutionNode = FALSE
	EndGlobalSection
	GlobalSection(ExtensibilityGlobals) = postSolution
		SolutionGuid = {AA15302E-9BC7-4D5F-8693-20483C0998E9}
	EndGlobalSection
EndGlobal
